{
  "object": {
    "pins": [
      {
        "package": "CwlCatchException",
        "repositoryURL": "https://github.com/mattgallagher/CwlCatchException.git",
        "state": {
          "branch": null,
          "revision": "35f9e770f54ce62dd8526470f14c6e137cef3eea",
          "version": "2.1.1"
        }
      },
      {
        "package": "CwlPreconditionTesting",
        "repositoryURL": "https://github.com/mattgallagher/CwlPreconditionTesting.git",
        "state": {
          "branch": null,
          "revision": "c21f7bab5ca8eee0a9998bbd17ca1d0eb45d4688",
          "version": "2.1.0"
        }
      },
      {
        "package": "Nimble",
        "repositoryURL": "https://github.com/Quick/Nimble",
        "state": {
          "branch": "main",
          "revision": "0bf627cd68085345ac52c165ba02d1f73c584eed",
          "version": null
        }
      },
      {
        "package": "Quick",
        "repositoryURL": "https://github.com/Quick/Quick",
        "state": {
          "branch": null,
          "revision": "bd86ca0141e3cfb333546de5a11ede63f0c4a0e6",
          "version": "4.0.0"
        }
      },
      {
        "package": "RIBs",
        "repositoryURL": "https://github.com/uber/ribs",
        "state": {
          "branch": "master",
          "revision": "18ad649648a1d6685d6e10580ab4a4e4df77ee14",
          "version": null
        }
      },
      {
        "package": "RxNimble",
        "repositoryURL": "https://github.com/RxSwiftCommunity/RxNimble.git",
        "state": {
          "branch": "master",
          "revision": "fc8bf3474a447bc5d12408c5b963613c85cbad46",
          "version": null
        }
      },
      {
        "package": "RxSwift",
        "repositoryURL": "https://github.com/ReactiveX/RxSwift.git",
        "state": {
          "branch": "main",
          "revision": "b48f2e9536cd985d912126709b97bd743e58c8fc",
          "version": null
        }
      }
    ]
  },
  "version": 1
}
